
Microsoft Visual Studio Solution File, Format Version 12.00
# Visual Studio Version 17
VisualStudioVersion = 17.4.33110.190
MinimumVisualStudioVersion = 10.0.40219.1
Project("{FAE04EC0-301F-11D3-BF4B-00C04F79EFBC}") = "CategoryPage", "CategoryPage\CategoryPage.csproj", "{36F43C86-FDD5-43B3-B31D-7A89940AEA54}"
EndProject
Global
	GlobalSection(SolutionConfigurationPlatforms) = preSolution
		Debug|Any CPU = Debug|Any CPU
		Release|Any CPU = Release|Any CPU
	EndGlobalSection
	GlobalSection(ProjectConfigurationPlatforms) = postSolution
		{36F43C86-FDD5-43B3-B31D-7A89940AEA54}.Debug|Any CPU.ActiveCfg = Debug|Any CPU
		{36F43C86-FDD5-43B3-B31D-7A89940AEA54}.Debug|Any CPU.Build.0 = Debug|Any CPU
		{36F43C86-FDD5-43B3-B31D-7A89940AEA54}.Release|Any CPU.ActiveCfg = Release|Any CPU
		{36F43C86-FDD5-43B3-B31D-7A89940AEA54}.Release|Any CPU.Build.0 = Release|Any CPU
	EndGlobalSection
	GlobalSection(SolutionProperties) = preSolution
		HideSolutionNode = FALSE
	EndGlobalSection
	GlobalSection(ExtensibilityGlobals) = postSolution
		SolutionGuid = {965A39E9-9A29-47C2-AB46-FA81E719DAD4}
	EndGlobalSection
EndGlobal
